
Microsoft Visual Studio Solution File, Format Version 12.00
# Visual Studio 14
VisualStudioVersion = 14.0.23107.0
MinimumVisualStudioVersion = 10.0.40219.1
Project("{FAE04EC0-301F-11D3-BF4B-00C04F79EFBC}") = "Args", "src\Args\Args.csproj", "{50A032FC-3453-4CAE-AA1D-758D8165DC27}"
EndProject
Project("{FAE04EC0-301F-11D3-BF4B-00C04F79EFBC}") = "Args.Demo", "samples\Args.Demo\Args.Demo.csproj", "{0D51193C-6D69-4CD2-B893-260CAD8293C5}"
EndProject
Project("{FAE04EC0-301F-11D3-BF4B-00C04F79EFBC}") = "Args.Tests", "tests\Args.Tests\Args.Tests.csproj", "{7C0DB677-5F9B-4DC3-B5A8-77606926C061}"
EndProject
Global
	GlobalSection(SolutionConfigurationPlatforms) = preSolution
		Debug|Any CPU = Debug|Any CPU
		Release|Any CPU = Release|Any CPU
	EndGlobalSection
	GlobalSection(ProjectConfigurationPlatforms) = postSolution
		{50A032FC-3453-4CAE-AA1D-758D8165DC27}.Debug|Any CPU.ActiveCfg = Debug|Any CPU
		{50A032FC-3453-4CAE-AA1D-758D8165DC27}.Debug|Any CPU.Build.0 = Debug|Any CPU
		{50A032FC-3453-4CAE-AA1D-758D8165DC27}.Release|Any CPU.ActiveCfg = Release|Any CPU
		{50A032FC-3453-4CAE-AA1D-758D8165DC27}.Release|Any CPU.Build.0 = Release|Any CPU
		{0D51193C-6D69-4CD2-B893-260CAD8293C5}.Debug|Any CPU.ActiveCfg = Debug|Any CPU
		{0D51193C-6D69-4CD2-B893-260CAD8293C5}.Debug|Any CPU.Build.0 = Debug|Any CPU
		{0D51193C-6D69-4CD2-B893-260CAD8293C5}.Release|Any CPU.ActiveCfg = Release|Any CPU
		{0D51193C-6D69-4CD2-B893-260CAD8293C5}.Release|Any CPU.Build.0 = Release|Any CPU
		{7C0DB677-5F9B-4DC3-B5A8-77606926C061}.Debug|Any CPU.ActiveCfg = Debug|Any CPU
		{7C0DB677-5F9B-4DC3-B5A8-77606926C061}.Debug|Any CPU.Build.0 = Debug|Any CPU
		{7C0DB677-5F9B-4DC3-B5A8-77606926C061}.Release|Any CPU.ActiveCfg = Release|Any CPU
		{7C0DB677-5F9B-4DC3-B5A8-77606926C061}.Release|Any CPU.Build.0 = Release|Any CPU
	EndGlobalSection
	GlobalSection(SolutionProperties) = preSolution
		HideSolutionNode = FALSE
	EndGlobalSection
EndGlobal
